
Microsoft Visual Studio Solution File, Format Version 12.00
# Visual Studio Version 17
VisualStudioVersion = 17.1.32319.34
MinimumVisualStudioVersion = 10.0.40219.1
Project("{9A19103F-16F7-4668-BE54-9A1E7A4F7556}") = "KampIntro", "KampIntro\KampIntro.csproj", "{E9C38CFA-6256-4F2E-A312-8A84C605BB34}"
EndProject
Project("{9A19103F-16F7-4668-BE54-9A1E7A4F7556}") = "Donguler", "Donguler\Donguler.csproj", "{680F7406-DCA4-4DEB-8387-A88E8FF7D281}"
EndProject
Project("{9A19103F-16F7-4668-BE54-9A1E7A4F7556}") = "ClassIntro", "ClassIntro\ClassIntro.csproj", "{3D1C2EF7-2A23-4ED4-BE04-C5B02D57F4D1}"
EndProject
Project("{9A19103F-16F7-4668-BE54-9A1E7A4F7556}") = "Methods", "Methods\Methods.csproj", "{D2A42F67-3F52-42A0-8F2B-6A87545916AC}"
EndProject
Project("{9A19103F-16F7-4668-BE54-9A1E7A4F7556}") = "Matematik", "Matematik\Matematik.csproj", "{61D62978-EEDB-4B3A-9FA6-97DCCD9112BD}"
EndProject
Project("{9A19103F-16F7-4668-BE54-9A1E7A4F7556}") = "DegerVeReferansTipler", "DegerVeReferansTipler\DegerVeReferansTipler.csproj", "{A0866965-4338-42F2-BE8D-FE7752070693}"
EndProject
Project("{9A19103F-16F7-4668-BE54-9A1E7A4F7556}") = "ClassMethodDemo", "ClassMethodDemo\ClassMethodDemo.csproj", "{0CB1319A-CA2F-4B61-9B8B-FE7041F56DBD}"
EndProject
Project("{9A19103F-16F7-4668-BE54-9A1E7A4F7556}") = "OOP1", "OOP1\OOP1.csproj", "{CE1D0D29-7C2B-497F-9AFE-02E982468DED}"
EndProject
Project("{9A19103F-16F7-4668-BE54-9A1E7A4F7556}") = "Collections", "Collections\Collections.csproj", "{31D482DA-2F68-4DEA-B9C6-9ACAA0BC9260}"
EndProject
Project("{9A19103F-16F7-4668-BE54-9A1E7A4F7556}") = "GenericsIntro", "GenericsIntro\GenericsIntro.csproj", "{2D33347F-DDF0-4594-A2CE-8A756EE57330}"
EndProject
Project("{9A19103F-16F7-4668-BE54-9A1E7A4F7556}") = "MyDictionary", "MyDictionary\MyDictionary.csproj", "{29B01330-CE3D-4CBE-A4AC-D2354B255C09}"
EndProject
Project("{9A19103F-16F7-4668-BE54-9A1E7A4F7556}") = "OOP2", "OOP2\OOP2.csproj", "{999C3E88-FC91-4ED0-B1A6-508CDDA64ED7}"
EndProject
Project("{9A19103F-16F7-4668-BE54-9A1E7A4F7556}") = "OOP3", "OOP3\OOP3.csproj", "{13481195-9BC4-41A4-838F-A2DAA5695BA7}"
EndProject
Project("{FAE04EC0-301F-11D3-BF4B-00C04F79EFBC}") = "RecapDemo1", "RecapDemo1\RecapDemo1.csproj", "{3B3EF370-91B9-43A7-91C0-1F61140A6ED0}"
EndProject
Project("{9A19103F-16F7-4668-BE54-9A1E7A4F7556}") = "Interfaces", "Interfaces\Interfaces.csproj", "{2701EDAA-80C9-4A4D-9150-CFD3CC473553}"
EndProject
Project("{9A19103F-16F7-4668-BE54-9A1E7A4F7556}") = "LinqProject", "Linq\LinqProject.csproj", "{CE6CC069-0D35-448B-A447-6DE44C131F7A}"
EndProject
Project("{FAE04EC0-301F-11D3-BF4B-00C04F79EFBC}") = "EntityFrameworkDemo", "EntityFrameworkDemo\EntityFrameworkDemo.csproj", "{AB6A3B5B-842D-4264-AC6B-E349F8761A26}"
EndProject
Global
	GlobalSection(SolutionConfigurationPlatforms) = preSolution
		Debug|Any CPU = Debug|Any CPU
		Release|Any CPU = Release|Any CPU
	EndGlobalSection
	GlobalSection(ProjectConfigurationPlatforms) = postSolution
		{E9C38CFA-6256-4F2E-A312-8A84C605BB34}.Debug|Any CPU.ActiveCfg = Debug|Any CPU
		{E9C38CFA-6256-4F2E-A312-8A84C605BB34}.Debug|Any CPU.Build.0 = Debug|Any CPU
		{E9C38CFA-6256-4F2E-A312-8A84C605BB34}.Release|Any CPU.ActiveCfg = Release|Any CPU
		{E9C38CFA-6256-4F2E-A312-8A84C605BB34}.Release|Any CPU.Build.0 = Release|Any CPU
		{680F7406-DCA4-4DEB-8387-A88E8FF7D281}.Debug|Any CPU.ActiveCfg = Debug|Any CPU
		{680F7406-DCA4-4DEB-8387-A88E8FF7D281}.Debug|Any CPU.Build.0 = Debug|Any CPU
		{680F7406-DCA4-4DEB-8387-A88E8FF7D281}.Release|Any CPU.ActiveCfg = Release|Any CPU
		{680F7406-DCA4-4DEB-8387-A88E8FF7D281}.Release|Any CPU.Build.0 = Release|Any CPU
		{3D1C2EF7-2A23-4ED4-BE04-C5B02D57F4D1}.Debug|Any CPU.ActiveCfg = Debug|Any CPU
		{3D1C2EF7-2A23-4ED4-BE04-C5B02D57F4D1}.Debug|Any CPU.Build.0 = Debug|Any CPU
		{3D1C2EF7-2A23-4ED4-BE04-C5B02D57F4D1}.Release|Any CPU.ActiveCfg = Release|Any CPU
		{3D1C2EF7-2A23-4ED4-BE04-C5B02D57F4D1}.Release|Any CPU.Build.0 = Release|Any CPU
		{D2A42F67-3F52-42A0-8F2B-6A87545916AC}.Debug|Any CPU.ActiveCfg = Debug|Any CPU
		{D2A42F67-3F52-42A0-8F2B-6A87545916AC}.Debug|Any CPU.Build.0 = Debug|Any CPU
		{D2A42F67-3F52-42A0-8F2B-6A87545916AC}.Release|Any CPU.ActiveCfg = Release|Any CPU
		{D2A42F67-3F52-42A0-8F2B-6A87545916AC}.Release|Any CPU.Build.0 = Release|Any CPU
		{61D62978-EEDB-4B3A-9FA6-97DCCD9112BD}.Debug|Any CPU.ActiveCfg = Debug|Any CPU
		{61D62978-EEDB-4B3A-9FA6-97DCCD9112BD}.Debug|Any CPU.Build.0 = Debug|Any CPU
		{61D62978-EEDB-4B3A-9FA6-97DCCD9112BD}.Release|Any CPU.ActiveCfg = Release|Any CPU
		{61D62978-EEDB-4B3A-9FA6-97DCCD9112BD}.Release|Any CPU.Build.0 = Release|Any CPU
		{A0866965-4338-42F2-BE8D-FE7752070693}.Debug|Any CPU.ActiveCfg = Debug|Any CPU
		{A0866965-4338-42F2-BE8D-FE7752070693}.Debug|Any CPU.Build.0 = Debug|Any CPU
		{A0866965-4338-42F2-BE8D-FE7752070693}.Release|Any CPU.ActiveCfg = Release|Any CPU
		{A0866965-4338-42F2-BE8D-FE7752070693}.Release|Any CPU.Build.0 = Release|Any CPU
		{0CB1319A-CA2F-4B61-9B8B-FE7041F56DBD}.Debug|Any CPU.ActiveCfg = Debug|Any CPU
		{0CB1319A-CA2F-4B61-9B8B-FE7041F56DBD}.Debug|Any CPU.Build.0 = Debug|Any CPU
		{0CB1319A-CA2F-4B61-9B8B-FE7041F56DBD}.Release|Any CPU.ActiveCfg = Release|Any CPU
		{0CB1319A-CA2F-4B61-9B8B-FE7041F56DBD}.Release|Any CPU.Build.0 = Release|Any CPU
		{CE1D0D29-7C2B-497F-9AFE-02E982468DED}.Debug|Any CPU.ActiveCfg = Debug|Any CPU
		{CE1D0D29-7C2B-497F-9AFE-02E982468DED}.Debug|Any CPU.Build.0 = Debug|Any CPU
		{CE1D0D29-7C2B-497F-9AFE-02E982468DED}.Release|Any CPU.ActiveCfg = Release|Any CPU
		{CE1D0D29-7C2B-497F-9AFE-02E982468DED}.Release|Any CPU.Build.0 = Release|Any CPU
		{31D482DA-2F68-4DEA-B9C6-9ACAA0BC9260}.Debug|Any CPU.ActiveCfg = Debug|Any CPU
		{31D482DA-2F68-4DEA-B9C6-9ACAA0BC9260}.Debug|Any CPU.Build.0 = Debug|Any CPU
		{31D482DA-2F68-4DEA-B9C6-9ACAA0BC9260}.Release|Any CPU.ActiveCfg = Release|Any CPU
		{31D482DA-2F68-4DEA-B9C6-9ACAA0BC9260}.Release|Any CPU.Build.0 = Release|Any CPU
		{2D33347F-DDF0-4594-A2CE-8A756EE57330}.Debug|Any CPU.ActiveCfg = Debug|Any CPU
		{2D33347F-DDF0-4594-A2CE-8A756EE57330}.Debug|Any CPU.Build.0 = Debug|Any CPU
		{2D33347F-DDF0-4594-A2CE-8A756EE57330}.Release|Any CPU.ActiveCfg = Release|Any CPU
		{2D33347F-DDF0-4594-A2CE-8A756EE57330}.Release|Any CPU.Build.0 = Release|Any CPU
		{29B01330-CE3D-4CBE-A4AC-D2354B255C09}.Debug|Any CPU.ActiveCfg = Debug|Any CPU
		{29B01330-CE3D-4CBE-A4AC-D2354B255C09}.Debug|Any CPU.Build.0 = Debug|Any CPU
		{29B01330-CE3D-4CBE-A4AC-D2354B255C09}.Release|Any CPU.ActiveCfg = Release|Any CPU
		{29B01330-CE3D-4CBE-A4AC-D2354B255C09}.Release|Any CPU.Build.0 = Release|Any CPU
		{999C3E88-FC91-4ED0-B1A6-508CDDA64ED7}.Debug|Any CPU.ActiveCfg = Debug|Any CPU
		{999C3E88-FC91-4ED0-B1A6-508CDDA64ED7}.Debug|Any CPU.Build.0 = Debug|Any CPU
		{999C3E88-FC91-4ED0-B1A6-508CDDA64ED7}.Release|Any CPU.ActiveCfg = Release|Any CPU
		{999C3E88-FC91-4ED0-B1A6-508CDDA64ED7}.Release|Any CPU.Build.0 = Release|Any CPU
		{13481195-9BC4-41A4-838F-A2DAA5695BA7}.Debug|Any CPU.ActiveCfg = Debug|Any CPU
		{13481195-9BC4-41A4-838F-A2DAA5695BA7}.Debug|Any CPU.Build.0 = Debug|Any CPU
		{13481195-9BC4-41A4-838F-A2DAA5695BA7}.Release|Any CPU.ActiveCfg = Release|Any CPU
		{13481195-9BC4-41A4-838F-A2DAA5695BA7}.Release|Any CPU.Build.0 = Release|Any CPU
		{3B3EF370-91B9-43A7-91C0-1F61140A6ED0}.Debug|Any CPU.ActiveCfg = Debug|Any CPU
		{3B3EF370-91B9-43A7-91C0-1F61140A6ED0}.Debug|Any CPU.Build.0 = Debug|Any CPU
		{3B3EF370-91B9-43A7-91C0-1F61140A6ED0}.Release|Any CPU.ActiveCfg = Release|Any CPU
		{3B3EF370-91B9-43A7-91C0-1F61140A6ED0}.Release|Any CPU.Build.0 = Release|Any CPU
		{2701EDAA-80C9-4A4D-9150-CFD3CC473553}.Debug|Any CPU.ActiveCfg = Debug|Any CPU
		{2701EDAA-80C9-4A4D-9150-CFD3CC473553}.Debug|Any CPU.Build.0 = Debug|Any CPU
		{2701EDAA-80C9-4A4D-9150-CFD3CC473553}.Release|Any CPU.ActiveCfg = Release|Any CPU
		{2701EDAA-80C9-4A4D-9150-CFD3CC473553}.Release|Any CPU.Build.0 = Release|Any CPU
		{CE6CC069-0D35-448B-A447-6DE44C131F7A}.Debug|Any CPU.ActiveCfg = Debug|Any CPU
		{CE6CC069-0D35-448B-A447-6DE44C131F7A}.Debug|Any CPU.Build.0 = Debug|Any CPU
		{CE6CC069-0D35-448B-A447-6DE44C131F7A}.Release|Any CPU.ActiveCfg = Release|Any CPU
		{CE6CC069-0D35-448B-A447-6DE44C131F7A}.Release|Any CPU.Build.0 = Release|Any CPU
		{AB6A3B5B-842D-4264-AC6B-E349F8761A26}.Debug|Any CPU.ActiveCfg = Debug|Any CPU
		{AB6A3B5B-842D-4264-AC6B-E349F8761A26}.Debug|Any CPU.Build.0 = Debug|Any CPU
		{AB6A3B5B-842D-4264-AC6B-E349F8761A26}.Release|Any CPU.ActiveCfg = Release|Any CPU
		{AB6A3B5B-842D-4264-AC6B-E349F8761A26}.Release|Any CPU.Build.0 = Release|Any CPU
	EndGlobalSection
	GlobalSection(SolutionProperties) = preSolution
		HideSolutionNode = FALSE
	EndGlobalSection
	GlobalSection(ExtensibilityGlobals) = postSolution
		SolutionGuid = {F45C6047-3BEB-4187-A5AF-E8A31D975D89}
	EndGlobalSection
EndGlobal
